# This file is automatically @generated by Cargo.
# It is not intended for manual editing.
version = 4

[[package]]
name = "DifferentialDataflowMLPipelines"
version = "0.1.0"
dependencies = [
 "differential-dataflow",
 "serde",
 "timely",
]

[[package]]
name = "bincode"
version = "1.3.3"
source = "registry+https://github.com/rust-lang/crates.io-index"
checksum = "b1f45e9417d87227c7a56d22e471c6206462cba514c7590c09aff4cf6d1ddcad"
dependencies = [
 "serde",
]

[[package]]
name = "byteorder"
version = "1.5.0"
source = "registry+https://github.com/rust-lang/crates.io-index"
checksum = "1fd0f2584146f6f2ef48085050886acf353beff7305ebd1ae69500e27c67f64b"

[[package]]
name = "cfg-if"
version = "1.0.0"
source = "registry+https://github.com/rust-lang/crates.io-index"
checksum = "baf1de4339761588bc0619e3cbc0120ee582ebb74b53b4efbf79117bd2da40fd"

[[package]]
name = "columnation"
version = "0.1.0"
source = "registry+https://github.com/rust-lang/crates.io-index"
checksum = "21ca68e419cae36821f2e1c9d62a25de900aad72e96b79c6f76eb47c65816d25"
dependencies = [
 "paste",
]

[[package]]
name = "crossbeam-channel"
version = "0.5.14"
source = "registry+https://github.com/rust-lang/crates.io-index"
checksum = "06ba6d68e24814cb8de6bb986db8222d3a027d15872cabc0d18817bc3c0e4471"
dependencies = [
 "crossbeam-utils",
]

[[package]]
name = "crossbeam-utils"
version = "0.8.21"
source = "registry+https://github.com/rust-lang/crates.io-index"
checksum = "d0a5c400df2834b80a4c3327b3aad3a4c4cd4de0629063962b03235697506a28"

[[package]]
name = "differential-dataflow"
version = "0.13.1"
source = "git+https://github.com/TimelyDataflow/differential-dataflow?branch=master#84cfc36ea5baeabafc5c797f09262b8c4f98b5c9"
dependencies = [
 "fnv",
 "serde",
 "timely",
]

[[package]]
name = "flatcontainer"
version = "0.5.0"
source = "registry+https://github.com/rust-lang/crates.io-index"
checksum = "0ff185ea156496de196dfd189038982f480515ea3338f1ff0a4fbff1e52ea0a6"
dependencies = [
 "cfg-if",
 "paste",
 "serde",
]

[[package]]
name = "fnv"
version = "1.0.7"
source = "registry+https://github.com/rust-lang/crates.io-index"
checksum = "3f9eec918d3f24069decb9af1554cad7c880e2da24a9afd88aca000531ab82c1"

[[package]]
name = "getopts"
version = "0.2.21"
source = "registry+https://github.com/rust-lang/crates.io-index"
checksum = "14dbbfd5c71d70241ecf9e6f13737f7b5ce823821063188d7e46c41d371eebd5"
dependencies = [
 "unicode-width",
]

[[package]]
name = "paste"
version = "1.0.15"
source = "registry+https://github.com/rust-lang/crates.io-index"
checksum = "57c0d7b74b563b49d38dae00a0c37d4d6de9b432382b2892f0574ddcae73fd0a"

[[package]]
name = "proc-macro2"
version = "1.0.92"
source = "registry+https://github.com/rust-lang/crates.io-index"
checksum = "37d3544b3f2748c54e147655edb5025752e2303145b5aefb3c3ea2c78b973bb0"
dependencies = [
 "unicode-ident",
]

[[package]]
name = "quote"
version = "1.0.37"
source = "registry+https://github.com/rust-lang/crates.io-index"
checksum = "b5b9d34b8991d19d98081b46eacdd8eb58c6f2b201139f7c5f643cc155a633af"
dependencies = [
 "proc-macro2",
]

[[package]]
name = "serde"
version = "1.0.216"
source = "registry+https://github.com/rust-lang/crates.io-index"
checksum = "0b9781016e935a97e8beecf0c933758c97a5520d32930e460142b4cd80c6338e"
dependencies = [
 "serde_derive",
]

[[package]]
name = "serde_derive"
version = "1.0.216"
source = "registry+https://github.com/rust-lang/crates.io-index"
checksum = "46f859dbbf73865c6627ed570e78961cd3ac92407a2d117204c49232485da55e"
dependencies = [
 "proc-macro2",
 "quote",
 "syn",
]

[[package]]
name = "smallvec"
version = "1.13.2"
source = "registry+https://github.com/rust-lang/crates.io-index"
checksum = "3c5e1a9a646d36c3599cd173a41282daf47c44583ad367b8e6837255952e5c67"
dependencies = [
 "serde",
]

[[package]]
name = "syn"
version = "2.0.90"
source = "registry+https://github.com/rust-lang/crates.io-index"
checksum = "919d3b74a5dd0ccd15aeb8f93e7006bd9e14c295087c9896a110f490752bcf31"
dependencies = [
 "proc-macro2",
 "quote",
 "unicode-ident",
]

[[package]]
name = "timely"
version = "0.15.0"
source = "registry+https://github.com/rust-lang/crates.io-index"
checksum = "c344a70fe9378beb93e19b504acfb1a3b5215f5abce17d8e7748b18d113079db"
dependencies = [
 "bincode",
 "byteorder",
 "crossbeam-channel",
 "getopts",
 "serde",
 "smallvec",
 "timely_bytes",
 "timely_communication",
 "timely_container",
 "timely_logging",
]

[[package]]
name = "timely_bytes"
version = "0.12.2"
source = "registry+https://github.com/rust-lang/crates.io-index"
checksum = "99223f9594ab7d4dd36b55b1d7eb9bd2cd205f4304b5cc5381d5cdd417ec06f2"

[[package]]
name = "timely_communication"
version = "0.15.0"
source = "registry+https://github.com/rust-lang/crates.io-index"
checksum = "dafc0a679060c9d61f04352ba1d3a0a66395d73adbfc01bedfdc778e581251e0"
dependencies = [
 "byteorder",
 "crossbeam-channel",
 "getopts",
 "serde",
 "timely_bytes",
 "timely_logging",
]

[[package]]
name = "timely_container"
version = "0.13.0"
source = "registry+https://github.com/rust-lang/crates.io-index"
checksum = "2870d67209ded32270e0cad117d9f04ec16da4be54f19280040dc7e1a7dfbc76"
dependencies = [
 "columnation",
 "flatcontainer",
 "serde",
]

[[package]]
name = "timely_logging"
version = "0.12.1"
source = "registry+https://github.com/rust-lang/crates.io-index"
checksum = "b73a034d62792b507397701ee660001c8ba3e9dbffce29bc7a25319a36ebaa86"

[[package]]
name = "unicode-ident"
version = "1.0.14"
source = "registry+https://github.com/rust-lang/crates.io-index"
checksum = "adb9e6ca4f869e1180728b7950e35922a7fc6397f7b641499e8f3ef06e50dc83"

[[package]]
name = "unicode-width"
version = "0.1.14"
source = "registry+https://github.com/rust-lang/crates.io-index"
checksum = "7dd6e30e90baa6f72411720665d41d89b9a3d039dc45b8faea1ddd07f617f6af"
